
Microsoft Visual Studio Solution File, Format Version 12.00
# Visual Studio Version 16
VisualStudioVersion = 16.0.31515.178
MinimumVisualStudioVersion = 10.0.40219.1
Project("{FAE04EC0-301F-11D3-BF4B-00C04F79EFBC}") = "TakeAwalk", "TakeAwalk\TakeAwalk.csproj", "{2D6C5DE4-5B73-4DB1-9151-64AB3D799D90}"
EndProject
Project("{FAE04EC0-301F-11D3-BF4B-00C04F79EFBC}") = "TakeAwalk.Auth", "TakeAwalk.Auth\TakeAwalk.Auth.csproj", "{9D5975A2-3EE1-4D9F-A256-A03BC268E994}"
EndProject
Project("{FAE04EC0-301F-11D3-BF4B-00C04F79EFBC}") = "TakeAwalk.DBSource", "TakeAwalk.DBSource\TakeAwalk.DBSource.csproj", "{79A46809-FA14-44D2-858D-8EBC93291BA6}"
EndProject
Project("{FAE04EC0-301F-11D3-BF4B-00C04F79EFBC}") = "TakeAwalk.ORM", "TakeAwalk.ORM\TakeAwalk.ORM.csproj", "{8B03C329-AA69-4E9B-8F68-797F0478882E}"
EndProject
Global
	GlobalSection(SolutionConfigurationPlatforms) = preSolution
		Debug|Any CPU = Debug|Any CPU
		Release|Any CPU = Release|Any CPU
	EndGlobalSection
	GlobalSection(ProjectConfigurationPlatforms) = postSolution
		{2D6C5DE4-5B73-4DB1-9151-64AB3D799D90}.Debug|Any CPU.ActiveCfg = Debug|Any CPU
		{2D6C5DE4-5B73-4DB1-9151-64AB3D799D90}.Debug|Any CPU.Build.0 = Debug|Any CPU
		{2D6C5DE4-5B73-4DB1-9151-64AB3D799D90}.Release|Any CPU.ActiveCfg = Release|Any CPU
		{2D6C5DE4-5B73-4DB1-9151-64AB3D799D90}.Release|Any CPU.Build.0 = Release|Any CPU
		{9D5975A2-3EE1-4D9F-A256-A03BC268E994}.Debug|Any CPU.ActiveCfg = Debug|Any CPU
		{9D5975A2-3EE1-4D9F-A256-A03BC268E994}.Debug|Any CPU.Build.0 = Debug|Any CPU
		{9D5975A2-3EE1-4D9F-A256-A03BC268E994}.Release|Any CPU.ActiveCfg = Release|Any CPU
		{9D5975A2-3EE1-4D9F-A256-A03BC268E994}.Release|Any CPU.Build.0 = Release|Any CPU
		{79A46809-FA14-44D2-858D-8EBC93291BA6}.Debug|Any CPU.ActiveCfg = Debug|Any CPU
		{79A46809-FA14-44D2-858D-8EBC93291BA6}.Debug|Any CPU.Build.0 = Debug|Any CPU
		{79A46809-FA14-44D2-858D-8EBC93291BA6}.Release|Any CPU.ActiveCfg = Release|Any CPU
		{79A46809-FA14-44D2-858D-8EBC93291BA6}.Release|Any CPU.Build.0 = Release|Any CPU
		{8B03C329-AA69-4E9B-8F68-797F0478882E}.Debug|Any CPU.ActiveCfg = Debug|Any CPU
		{8B03C329-AA69-4E9B-8F68-797F0478882E}.Debug|Any CPU.Build.0 = Debug|Any CPU
		{8B03C329-AA69-4E9B-8F68-797F0478882E}.Release|Any CPU.ActiveCfg = Release|Any CPU
		{8B03C329-AA69-4E9B-8F68-797F0478882E}.Release|Any CPU.Build.0 = Release|Any CPU
	EndGlobalSection
	GlobalSection(SolutionProperties) = preSolution
		HideSolutionNode = FALSE
	EndGlobalSection
	GlobalSection(ExtensibilityGlobals) = postSolution
		SolutionGuid = {23568658-AEBC-4A85-A317-5BE7371C7C35}
	EndGlobalSection
EndGlobal
